<?xml version="1.0" encoding="utf-8"?>
<Project ToolsVersion="16.0" xmlns="http://schemas.microsoft.com/developer/msbuild/2003">
  <ItemGroup>
    <CustomBuild Include="C:\Users\nexga\Documents\GitHub\tcc\Middleware\MiddlewareLoader\c++\MiddlewareLoader\CMakeFiles\88734360c6340c8f15211826e5e78f30\generate.stamp.rule">
      <Filter>CMake Rules</Filter>
    </CustomBuild>
  </ItemGroup>
  <ItemGroup>
    <Filter Include="CMake Rules">
      <UniqueIdentifier>{267AB13C-E7DB-342E-8D1C-56A7F5134EA0}</UniqueIdentifier>
    </Filter>
  </ItemGroup>
</Project>
